
Microsoft Visual Studio Solution File, Format Version 12.00
# Visual Studio Version 16
VisualStudioVersion = 16.0.29728.190
MinimumVisualStudioVersion = 10.0.40219.1
Project("{FAE04EC0-301F-11D3-BF4B-00C04F79EFBC}") = "Canteen", "Canteen\Canteen.csproj", "{75EAD316-4290-44A8-9893-E23EC66B757A}"
EndProject
Global
	GlobalSection(SolutionConfigurationPlatforms) = preSolution
		Debug|Any CPU = Debug|Any CPU
		Release|Any CPU = Release|Any CPU
	EndGlobalSection
	GlobalSection(ProjectConfigurationPlatforms) = postSolution
		{75EAD316-4290-44A8-9893-E23EC66B757A}.Debug|Any CPU.ActiveCfg = Debug|Any CPU
		{75EAD316-4290-44A8-9893-E23EC66B757A}.Debug|Any CPU.Build.0 = Debug|Any CPU
		{75EAD316-4290-44A8-9893-E23EC66B757A}.Release|Any CPU.ActiveCfg = Release|Any CPU
		{75EAD316-4290-44A8-9893-E23EC66B757A}.Release|Any CPU.Build.0 = Release|Any CPU
	EndGlobalSection
	GlobalSection(SolutionProperties) = preSolution
		HideSolutionNode = FALSE
	EndGlobalSection
	GlobalSection(ExtensibilityGlobals) = postSolution
		SolutionGuid = {B3ABA549-476D-4944-85DD-AAC5C7ED586A}
	EndGlobalSection
EndGlobal
